
Microsoft Visual Studio Solution File, Format Version 12.00
# Visual Studio Version 16
VisualStudioVersion = 16.0.29613.14
MinimumVisualStudioVersion = 10.0.40219.1
Project("{FAE04EC0-301F-11D3-BF4B-00C04F79EFBC}") = "ExOnInterface", "ExOnInterface.csproj", "{6C934343-1814-411E-BCFB-BA3377B19B1C}"
EndProject
Global
	GlobalSection(SolutionConfigurationPlatforms) = preSolution
		Debug|Any CPU = Debug|Any CPU
		Release|Any CPU = Release|Any CPU
	EndGlobalSection
	GlobalSection(ProjectConfigurationPlatforms) = postSolution
		{6C934343-1814-411E-BCFB-BA3377B19B1C}.Debug|Any CPU.ActiveCfg = Debug|Any CPU
		{6C934343-1814-411E-BCFB-BA3377B19B1C}.Debug|Any CPU.Build.0 = Debug|Any CPU
		{6C934343-1814-411E-BCFB-BA3377B19B1C}.Release|Any CPU.ActiveCfg = Release|Any CPU
		{6C934343-1814-411E-BCFB-BA3377B19B1C}.Release|Any CPU.Build.0 = Release|Any CPU
	EndGlobalSection
	GlobalSection(SolutionProperties) = preSolution
		HideSolutionNode = FALSE
	EndGlobalSection
	GlobalSection(ExtensibilityGlobals) = postSolution
		SolutionGuid = {51EA5038-4A08-4276-95A1-1794D7FB9A8C}
	EndGlobalSection
EndGlobal
